
Microsoft Visual Studio Solution File, Format Version 12.00
# Visual Studio 15
VisualStudioVersion = 15.0.28307.705
MinimumVisualStudioVersion = 10.0.40219.1
Project("{FAE04EC0-301F-11D3-BF4B-00C04F79EFBC}") = "SillyGlasses", "SillyGlasses\SillyGlasses.csproj", "{29A2BB13-7659-4AAC-B40E-529C72D5A209}"
EndProject
Project("{9A19103F-16F7-4668-BE54-9A1E7A4F7556}") = "SillyDebug", "HitboxViewer\SillyDebug.csproj", "{1F9328EE-2979-414B-BF96-48C208A5366F}"
EndProject
Global
	GlobalSection(SolutionConfigurationPlatforms) = preSolution
		Debug|Any CPU = Debug|Any CPU
		Release|Any CPU = Release|Any CPU
	EndGlobalSection
	GlobalSection(ProjectConfigurationPlatforms) = postSolution
		{29A2BB13-7659-4AAC-B40E-529C72D5A209}.Debug|Any CPU.ActiveCfg = Debug|Any CPU
		{29A2BB13-7659-4AAC-B40E-529C72D5A209}.Debug|Any CPU.Build.0 = Debug|Any CPU
		{29A2BB13-7659-4AAC-B40E-529C72D5A209}.Release|Any CPU.ActiveCfg = Release|Any CPU
		{29A2BB13-7659-4AAC-B40E-529C72D5A209}.Release|Any CPU.Build.0 = Release|Any CPU
		{1F9328EE-2979-414B-BF96-48C208A5366F}.Debug|Any CPU.ActiveCfg = Debug|Any CPU
		{1F9328EE-2979-414B-BF96-48C208A5366F}.Debug|Any CPU.Build.0 = Debug|Any CPU
		{1F9328EE-2979-414B-BF96-48C208A5366F}.Release|Any CPU.ActiveCfg = Release|Any CPU
		{1F9328EE-2979-414B-BF96-48C208A5366F}.Release|Any CPU.Build.0 = Release|Any CPU
	EndGlobalSection
	GlobalSection(SolutionProperties) = preSolution
		HideSolutionNode = FALSE
	EndGlobalSection
	GlobalSection(ExtensibilityGlobals) = postSolution
		SolutionGuid = {8AAEE40A-FF89-4D51-986B-C20C86D81ED6}
	EndGlobalSection
EndGlobal
